
Microsoft Visual Studio Solution File, Format Version 11.00
# Visual Studio 2010
Project("{FAE04EC0-301F-11D3-BF4B-00C04F79EFBC}") = "RestExercise", "RestExercise\RestExercise.csproj", "{CFE6540D-DEDF-4060-9283-3307D7180F86}"
EndProject
Global
	GlobalSection(SolutionConfigurationPlatforms) = preSolution
		Debug|Any CPU = Debug|Any CPU
		Release|Any CPU = Release|Any CPU
	EndGlobalSection
	GlobalSection(ProjectConfigurationPlatforms) = postSolution
		{CFE6540D-DEDF-4060-9283-3307D7180F86}.Debug|Any CPU.ActiveCfg = Debug|Any CPU
		{CFE6540D-DEDF-4060-9283-3307D7180F86}.Debug|Any CPU.Build.0 = Debug|Any CPU
		{CFE6540D-DEDF-4060-9283-3307D7180F86}.Release|Any CPU.ActiveCfg = Release|Any CPU
		{CFE6540D-DEDF-4060-9283-3307D7180F86}.Release|Any CPU.Build.0 = Release|Any CPU
	EndGlobalSection
	GlobalSection(SolutionProperties) = preSolution
		HideSolutionNode = FALSE
	EndGlobalSection
EndGlobal
